// !$*UTF8*$!
{
	archiveVersion = 1;
	classes = {
	};
	objectVersion = 46;
	objects = {

/* Begin PBXBuildFile section */
		5016FE021A3B5D13002B642E /* CalendarAccessGuard.m in Sources */ = {isa = PBXBuildFile; fileRef = 5016FE011A3B5D13002B642E /* CalendarAccessGuard.m */; };
		5016FE071A3B6BED002B642E /* ModificationCommand.m in Sources */ = {isa = PBXBuildFile; fileRef = 5016FE061A3B6BED002B642E /* ModificationCommand.m */; };
		501EA1511A42CF0B0010F268 /* LockApp.m in Sources */ = {isa = PBXBuildFile; fileRef = 501EA1501A42CF0B0010F268 /* LockApp.m */; };
		501EA1541A42CF160010F268 /* UnlockApp.m in Sources */ = {isa = PBXBuildFile; fileRef = 501EA1531A42CF160010F268 /* UnlockApp.m */; };
		501EA1801A42DEBD0010F268 /* CTKNotificationCenter.m in Sources */ = {isa = PBXBuildFile; fileRef = 501EA17B1A42DEBD0010F268 /* CTKNotificationCenter.m */; };
		501EA1811A42DEBD0010F268 /* CTKUserDefaults.m in Sources */ = {isa = PBXBuildFile; fileRef = 501EA17D1A42DEBD0010F268 /* CTKUserDefaults.m */; };
		501EA1841A42E0FF0010F268 /* SCCalendarCell.m in Sources */ = {isa = PBXBuildFile; fileRef = 501EA1831A42E0FF0010F268 /* SCCalendarCell.m */; };
		50329F481A3EDE62001F5D31 /* UserCalendarProvider.m in Sources */ = {isa = PBXBuildFile; fileRef = 50329F471A3EDE62001F5D31 /* UserCalendarProvider.m */; };
		50329FB11A3F04D5001F5D31 /* EventStoreWrapper.m in Sources */ = {isa = PBXBuildFile; fileRef = 50329FB01A3F04D5001F5D31 /* EventStoreWrapper.m */; };
		50467DAD1A40291A001E18A9 /* CoreDataStackTestCase.m in Sources */ = {isa = PBXBuildFile; fileRef = 50467DAB1A40291A001E18A9 /* CoreDataStackTestCase.m */; };
		50467DAE1A40291A001E18A9 /* CoreDataWiringTest.m in Sources */ = {isa = PBXBuildFile; fileRef = 50467DAC1A40291A001E18A9 /* CoreDataWiringTest.m */; };
		50467DB01A402A29001E18A9 /* ShiftTemplateControllerTests.m in Sources */ = {isa = PBXBuildFile; fileRef = 50467DAF1A402A29001E18A9 /* ShiftTemplateControllerTests.m */; };
		50467DB31A403180001E18A9 /* PersistentStack.m in Sources */ = {isa = PBXBuildFile; fileRef = 50467DB21A403180001E18A9 /* PersistentStack.m */; };
		50467DB61A4036CF001E18A9 /* PersistentStackTests.m in Sources */ = {isa = PBXBuildFile; fileRef = 50467DB51A4036CF001E18A9 /* PersistentStackTests.m */; };
		50467DB81A4038CD001E18A9 /* UserCalendarProviderTests.m in Sources */ = {isa = PBXBuildFile; fileRef = 50467DB71A4038CD001E18A9 /* UserCalendarProviderTests.m */; };
		50467DBC1A4047B5001E18A9 /* TestUserDefaults.m in Sources */ = {isa = PBXBuildFile; fileRef = 50467DBB1A4047B5001E18A9 /* TestUserDefaults.m */; };
		50467DBF1A4047D9001E18A9 /* TestNotificationCenter.m in Sources */ = {isa = PBXBuildFile; fileRef = 50467DBE1A4047D9001E18A9 /* TestNotificationCenter.m */; };
		50467DC21A40488B001E18A9 /* CalendarAccessGuardTests.m in Sources */ = {isa = PBXBuildFile; fileRef = 50467DC11A40488B001E18A9 /* CalendarAccessGuardTests.m */; };
		50467DC51A404902001E18A9 /* TestEventStoreWrapper.m in Sources */ = {isa = PBXBuildFile; fileRef = 50467DC41A404902001E18A9 /* TestEventStoreWrapper.m */; };
		600BFE7615FB5ADF008B03CA /* CoreGraphics.framework in Frameworks */ = {isa = PBXBuildFile; fileRef = 60BB96A515C08EB900801105 /* CoreGraphics.framework */; };
		600E119F160373F3009A7E24 /* AlarmPickerViewController.m in Sources */ = {isa = PBXBuildFile; fileRef = 600E119E160373F3009A7E24 /* AlarmPickerViewController.m */; };
		6026C75F16B1AA4A00445709 /* NSDate+Tomorrow.m in Sources */ = {isa = PBXBuildFile; fileRef = 6026C75E16B1AA4A00445709 /* NSDate+Tomorrow.m */; };
		602B6AFF18C3A005005D2227 /* ShiftData.m in Sources */ = {isa = PBXBuildFile; fileRef = 602B6AFE18C3A005005D2227 /* ShiftData.m */; };
		605A96B516171D160008B1C6 /* ShiftTemplate.m in Sources */ = {isa = PBXBuildFile; fileRef = 605A96B416171D160008B1C6 /* ShiftTemplate.m */; };
		605A96B7161B1EC30008B1C6 /* ShiftTemplateController.m in Sources */ = {isa = PBXBuildFile; fileRef = 60FBA82C15F4FE2B008B48A1 /* ShiftTemplateController.m */; };
		605A96B8161B1FE10008B1C6 /* ShiftModificationViewController.m in Sources */ = {isa = PBXBuildFile; fileRef = 60F1603315DD1447005834B3 /* ShiftModificationViewController.m */; };
		605A96BA161B27E10008B1C6 /* CoreData.framework in Frameworks */ = {isa = PBXBuildFile; fileRef = 605A96B9161B27E10008B1C6 /* CoreData.framework */; };
		605A96BD161CAC660008B1C6 /* ShiftTemplateCollection.m in Sources */ = {isa = PBXBuildFile; fileRef = 605A96BC161CAC660008B1C6 /* ShiftTemplateCollection.m */; };
		605AC42616086B5800E02F16 /* DateIntervalTranslator.m in Sources */ = {isa = PBXBuildFile; fileRef = 605AC42516086B5800E02F16 /* DateIntervalTranslator.m */; };
		6060426216245AB000BA5EEC /* ShiftAssignmentViewController.m in Sources */ = {isa = PBXBuildFile; fileRef = 6060426116245AB000BA5EEC /* ShiftAssignmentViewController.m */; };
		606042AA1625D2A000BA5EEC /* MBProgressHUD.m in Sources */ = {isa = PBXBuildFile; fileRef = 606042A91625D2A000BA5EEC /* MBProgressHUD.m */; };
		609167BF1658F45A006C33EE /* UITableViewController+CalloutCell.m in Sources */ = {isa = PBXBuildFile; fileRef = 609167BE1658F45A006C33EE /* UITableViewController+CalloutCell.m */; };
		609EF760163188DA003E4BB3 /* ShiftOverviewCell.m in Sources */ = {isa = PBXBuildFile; fileRef = 609EF75F163188DA003E4BB3 /* ShiftOverviewCell.m */; };
		60A1392D17FCA97600D3FBF5 /* Images.xcassets in Resources */ = {isa = PBXBuildFile; fileRef = 60A1392C17FCA97600D3FBF5 /* Images.xcassets */; };
		60A66EA216D60FFA0083BE95 /* LayoutHelper.m in Sources */ = {isa = PBXBuildFile; fileRef = 60A66EA116D60FFA0083BE95 /* LayoutHelper.m */; };
		60AAB81315C13297002114B9 /* ShiftOverviewController.m in Sources */ = {isa = PBXBuildFile; fileRef = 60AAB81215C13297002114B9 /* ShiftOverviewController.m */; };
		60BB96A215C08EB900801105 /* UIKit.framework in Frameworks */ = {isa = PBXBuildFile; fileRef = 60BB96A115C08EB900801105 /* UIKit.framework */; };
		60BB96A415C08EB900801105 /* Foundation.framework in Frameworks */ = {isa = PBXBuildFile; fileRef = 60BB96A315C08EB900801105 /* Foundation.framework */; };
		60BB96AC15C08EB900801105 /* InfoPlist.strings in Resources */ = {isa = PBXBuildFile; fileRef = 60BB96AA15C08EB900801105 /* InfoPlist.strings */; };
		60BB96AE15C08EB900801105 /* main.m in Sources */ = {isa = PBXBuildFile; fileRef = 60BB96AD15C08EB900801105 /* main.m */; };
		60BB96B215C08EB900801105 /* AppDelegate.m in Sources */ = {isa = PBXBuildFile; fileRef = 60BB96B115C08EB900801105 /* AppDelegate.m */; };
		60DC7E241614C45D009C8723 /* NSMutableArray+MoveArray.m in Sources */ = {isa = PBXBuildFile; fileRef = 60DC7E231614C45D009C8723 /* NSMutableArray+MoveArray.m */; };
		60DC7E2B16170204009C8723 /* ShiftTemplates.xcdatamodeld in Sources */ = {isa = PBXBuildFile; fileRef = 60DC7E2916170203009C8723 /* ShiftTemplates.xcdatamodeld */; };
		60FBA82315F10443008B48A1 /* DurationPickerController.m in Sources */ = {isa = PBXBuildFile; fileRef = 60FBA82215F10443008B48A1 /* DurationPickerController.m */; };
		60FBA83015F66C4C008B48A1 /* CalendarPickerController.m in Sources */ = {isa = PBXBuildFile; fileRef = 60FBA82F15F66C4C008B48A1 /* CalendarPickerController.m */; };
		60FBA83815F67532008B48A1 /* EventKit.framework in Frameworks */ = {isa = PBXBuildFile; fileRef = 60FBA83615F67532008B48A1 /* EventKit.framework */; };
		60FBA83C15FA571F008B48A1 /* QuartzCore.framework in Frameworks */ = {isa = PBXBuildFile; fileRef = 60FBA83B15FA571F008B48A1 /* QuartzCore.framework */; };
/* End PBXBuildFile section */

/* Begin PBXContainerItemProxy section */
		50467DA51A4028AE001E18A9 /* PBXContainerItemProxy */ = {
			isa = PBXContainerItemProxy;
			containerPortal = 60BB969415C08EB900801105 /* Project object */;
			proxyType = 1;
			remoteGlobalIDString = 60BB969C15C08EB900801105;
			remoteInfo = ShiftCal;
		};
/* End PBXContainerItemProxy section */

/* Begin PBXFileReference section */
		5016FE001A3B5D13002B642E /* CalendarAccessGuard.h */ = {isa = PBXFileReference; fileEncoding = 4; lastKnownFileType = sourcecode.c.h; path = CalendarAccessGuard.h; sourceTree = "<group>"; };
		5016FE011A3B5D13002B642E /* CalendarAccessGuard.m */ = {isa = PBXFileReference; fileEncoding = 4; lastKnownFileType = sourcecode.c.objc; path = CalendarAccessGuard.m; sourceTree = "<group>"; };
		5016FE051A3B6BED002B642E /* ModificationCommand.h */ = {isa = PBXFileReference; fileEncoding = 4; lastKnownFileType = sourcecode.c.h; path = ModificationCommand.h; sourceTree = "<group>"; };
		5016FE061A3B6BED002B642E /* ModificationCommand.m */ = {isa = PBXFileReference; fileEncoding = 4; lastKnownFileType = sourcecode.c.objc; path = ModificationCommand.m; sourceTree = "<group>"; };
		501EA14F1A42CF0B0010F268 /* LockApp.h */ = {isa = PBXFileReference; fileEncoding = 4; lastKnownFileType = sourcecode.c.h; path = LockApp.h; sourceTree = "<group>"; };
		501EA1501A42CF0B0010F268 /* LockApp.m */ = {isa = PBXFileReference; fileEncoding = 4; lastKnownFileType = sourcecode.c.objc; path = LockApp.m; sourceTree = "<group>"; };
		501EA1521A42CF160010F268 /* UnlockApp.h */ = {isa = PBXFileReference; fileEncoding = 4; lastKnownFileType = sourcecode.c.h; path = UnlockApp.h; sourceTree = "<group>"; };
		501EA1531A42CF160010F268 /* UnlockApp.m */ = {isa = PBXFileReference; fileEncoding = 4; lastKnownFileType = sourcecode.c.objc; path = UnlockApp.m; sourceTree = "<group>"; };
		501EA1551A42CF380010F268 /* CalendarAccessResponder.h */ = {isa = PBXFileReference; fileEncoding = 4; lastKnownFileType = sourcecode.c.h; path = CalendarAccessResponder.h; sourceTree = "<group>"; };
		501EA17A1A42DEBD0010F268 /* CTKNotificationCenter.h */ = {isa = PBXFileReference; fileEncoding = 4; lastKnownFileType = sourcecode.c.h; path = CTKNotificationCenter.h; sourceTree = "<group>"; };
		501EA17B1A42DEBD0010F268 /* CTKNotificationCenter.m */ = {isa = PBXFileReference; fileEncoding = 4; lastKnownFileType = sourcecode.c.objc; path = CTKNotificationCenter.m; sourceTree = "<group>"; };
		501EA17C1A42DEBD0010F268 /* CTKUserDefaults.h */ = {isa = PBXFileReference; fileEncoding = 4; lastKnownFileType = sourcecode.c.h; path = CTKUserDefaults.h; sourceTree = "<group>"; };
		501EA17D1A42DEBD0010F268 /* CTKUserDefaults.m */ = {isa = PBXFileReference; fileEncoding = 4; lastKnownFileType = sourcecode.c.objc; path = CTKUserDefaults.m; sourceTree = "<group>"; };
		501EA1821A42E0FF0010F268 /* SCCalendarCell.h */ = {isa = PBXFileReference; fileEncoding = 4; lastKnownFileType = sourcecode.c.h; path = SCCalendarCell.h; sourceTree = "<group>"; };
		501EA1831A42E0FF0010F268 /* SCCalendarCell.m */ = {isa = PBXFileReference; fileEncoding = 4; lastKnownFileType = sourcecode.c.objc; path = SCCalendarCell.m; sourceTree = "<group>"; };
		50329F461A3EDE62001F5D31 /* UserCalendarProvider.h */ = {isa = PBXFileReference; fileEncoding = 4; lastKnownFileType = sourcecode.c.h; path = UserCalendarProvider.h; sourceTree = "<group>"; };
		50329F471A3EDE62001F5D31 /* UserCalendarProvider.m */ = {isa = PBXFileReference; fileEncoding = 4; lastKnownFileType = sourcecode.c.objc; path = UserCalendarProvider.m; sourceTree = "<group>"; };
		50329FAF1A3F04D5001F5D31 /* EventStoreWrapper.h */ = {isa = PBXFileReference; fileEncoding = 4; lastKnownFileType = sourcecode.c.h; path = EventStoreWrapper.h; sourceTree = "<group>"; };
		50329FB01A3F04D5001F5D31 /* EventStoreWrapper.m */ = {isa = PBXFileReference; fileEncoding = 4; lastKnownFileType = sourcecode.c.objc; path = EventStoreWrapper.m; sourceTree = "<group>"; };
		50467D9F1A4028AE001E18A9 /* Tests.xctest */ = {isa = PBXFileReference; explicitFileType = wrapper.cfbundle; includeInIndex = 0; path = Tests.xctest; sourceTree = BUILT_PRODUCTS_DIR; };
		50467DA21A4028AE001E18A9 /* Info.plist */ = {isa = PBXFileReference; lastKnownFileType = text.plist; name = Info.plist; path = Tests/Info.plist; sourceTree = "<group>"; };
		50467DAA1A40291A001E18A9 /* CoreDataStackTestCase.h */ = {isa = PBXFileReference; fileEncoding = 4; lastKnownFileType = sourcecode.c.h; path = CoreDataStackTestCase.h; sourceTree = "<group>"; };
		50467DAB1A40291A001E18A9 /* CoreDataStackTestCase.m */ = {isa = PBXFileReference; fileEncoding = 4; lastKnownFileType = sourcecode.c.objc; path = CoreDataStackTestCase.m; sourceTree = "<group>"; };
		50467DAC1A40291A001E18A9 /* CoreDataWiringTest.m */ = {isa = PBXFileReference; fileEncoding = 4; lastKnownFileType = sourcecode.c.objc; path = CoreDataWiringTest.m; sourceTree = "<group>"; };
		50467DAF1A402A29001E18A9 /* ShiftTemplateControllerTests.m */ = {isa = PBXFileReference; fileEncoding = 4; lastKnownFileType = sourcecode.c.objc; path = ShiftTemplateControllerTests.m; sourceTree = "<group>"; };
		50467DB11A403180001E18A9 /* PersistentStack.h */ = {isa = PBXFileReference; fileEncoding = 4; lastKnownFileType = sourcecode.c.h; path = PersistentStack.h; sourceTree = "<group>"; };
		50467DB21A403180001E18A9 /* PersistentStack.m */ = {isa = PBXFileReference; fileEncoding = 4; lastKnownFileType = sourcecode.c.objc; path = PersistentStack.m; sourceTree = "<group>"; };
		50467DB51A4036CF001E18A9 /* PersistentStackTests.m */ = {isa = PBXFileReference; fileEncoding = 4; lastKnownFileType = sourcecode.c.objc; path = PersistentStackTests.m; sourceTree = "<group>"; };
		50467DB71A4038CD001E18A9 /* UserCalendarProviderTests.m */ = {isa = PBXFileReference; fileEncoding = 4; lastKnownFileType = sourcecode.c.objc; path = UserCalendarProviderTests.m; sourceTree = "<group>"; };
		50467DBA1A4047B5001E18A9 /* TestUserDefaults.h */ = {isa = PBXFileReference; fileEncoding = 4; lastKnownFileType = sourcecode.c.h; path = TestUserDefaults.h; sourceTree = "<group>"; };
		50467DBB1A4047B5001E18A9 /* TestUserDefaults.m */ = {isa = PBXFileReference; fileEncoding = 4; lastKnownFileType = sourcecode.c.objc; path = TestUserDefaults.m; sourceTree = "<group>"; };
		50467DBD1A4047D9001E18A9 /* TestNotificationCenter.h */ = {isa = PBXFileReference; fileEncoding = 4; lastKnownFileType = sourcecode.c.h; path = TestNotificationCenter.h; sourceTree = "<group>"; };
		50467DBE1A4047D9001E18A9 /* TestNotificationCenter.m */ = {isa = PBXFileReference; fileEncoding = 4; lastKnownFileType = sourcecode.c.objc; path = TestNotificationCenter.m; sourceTree = "<group>"; };
		50467DC11A40488B001E18A9 /* CalendarAccessGuardTests.m */ = {isa = PBXFileReference; fileEncoding = 4; lastKnownFileType = sourcecode.c.objc; path = CalendarAccessGuardTests.m; sourceTree = "<group>"; };
		50467DC31A404902001E18A9 /* TestEventStoreWrapper.h */ = {isa = PBXFileReference; fileEncoding = 4; lastKnownFileType = sourcecode.c.h; path = TestEventStoreWrapper.h; sourceTree = "<group>"; };
		50467DC41A404902001E18A9 /* TestEventStoreWrapper.m */ = {isa = PBXFileReference; fileEncoding = 4; lastKnownFileType = sourcecode.c.objc; path = TestEventStoreWrapper.m; sourceTree = "<group>"; };
		600E1199160369BF009A7E24 /* AlarmPickerViewController.h */ = {isa = PBXFileReference; fileEncoding = 4; lastKnownFileType = sourcecode.c.h; path = AlarmPickerViewController.h; sourceTree = "<group>"; };
		600E119E160373F3009A7E24 /* AlarmPickerViewController.m */ = {isa = PBXFileReference; fileEncoding = 4; lastKnownFileType = sourcecode.c.objc; path = AlarmPickerViewController.m; sourceTree = "<group>"; };
		600E11A216038973009A7E24 /* AlarmPickerDelegate.h */ = {isa = PBXFileReference; fileEncoding = 4; lastKnownFileType = sourcecode.c.h; path = AlarmPickerDelegate.h; sourceTree = "<group>"; };
		6026C75D16B1AA4A00445709 /* NSDate+Tomorrow.h */ = {isa = PBXFileReference; fileEncoding = 4; lastKnownFileType = sourcecode.c.h; path = "NSDate+Tomorrow.h"; sourceTree = "<group>"; };
		6026C75E16B1AA4A00445709 /* NSDate+Tomorrow.m */ = {isa = PBXFileReference; fileEncoding = 4; lastKnownFileType = sourcecode.c.objc; path = "NSDate+Tomorrow.m"; sourceTree = "<group>"; };
		602B6AFD18C3A005005D2227 /* ShiftData.h */ = {isa = PBXFileReference; fileEncoding = 4; lastKnownFileType = sourcecode.c.h; path = ShiftData.h; sourceTree = "<group>"; };
		602B6AFE18C3A005005D2227 /* ShiftData.m */ = {isa = PBXFileReference; fileEncoding = 4; lastKnownFileType = sourcecode.c.objc; path = ShiftData.m; sourceTree = "<group>"; };
		605A96B316171D160008B1C6 /* ShiftTemplate.h */ = {isa = PBXFileReference; fileEncoding = 4; lastKnownFileType = sourcecode.c.h; path = ShiftTemplate.h; sourceTree = "<group>"; };
		605A96B416171D160008B1C6 /* ShiftTemplate.m */ = {isa = PBXFileReference; fileEncoding = 4; lastKnownFileType = sourcecode.c.objc; path = ShiftTemplate.m; sourceTree = "<group>"; };
		605A96B9161B27E10008B1C6 /* CoreData.framework */ = {isa = PBXFileReference; lastKnownFileType = wrapper.framework; name = CoreData.framework; path = System/Library/Frameworks/CoreData.framework; sourceTree = SDKROOT; };
		605A96BB161CAC660008B1C6 /* ShiftTemplateCollection.h */ = {isa = PBXFileReference; fileEncoding = 4; lastKnownFileType = sourcecode.c.h; path = ShiftTemplateCollection.h; sourceTree = "<group>"; };
		605A96BC161CAC660008B1C6 /* ShiftTemplateCollection.m */ = {isa = PBXFileReference; fileEncoding = 4; lastKnownFileType = sourcecode.c.objc; path = ShiftTemplateCollection.m; sourceTree = "<group>"; };
		605AC42416086B5800E02F16 /* DateIntervalTranslator.h */ = {isa = PBXFileReference; fileEncoding = 4; lastKnownFileType = sourcecode.c.h; path = DateIntervalTranslator.h; sourceTree = "<group>"; };
		605AC42516086B5800E02F16 /* DateIntervalTranslator.m */ = {isa = PBXFileReference; fileEncoding = 4; lastKnownFileType = sourcecode.c.objc; path = DateIntervalTranslator.m; sourceTree = "<group>"; };
		605F095B1A3DB16B00FCC2FB /* Helpers.h */ = {isa = PBXFileReference; lastKnownFileType = sourcecode.c.h; path = Helpers.h; sourceTree = "<group>"; };
		6060426016245AB000BA5EEC /* ShiftAssignmentViewController.h */ = {isa = PBXFileReference; fileEncoding = 4; lastKnownFileType = sourcecode.c.h; path = ShiftAssignmentViewController.h; sourceTree = "<group>"; };
		6060426116245AB000BA5EEC /* ShiftAssignmentViewController.m */ = {isa = PBXFileReference; fileEncoding = 4; lastKnownFileType = sourcecode.c.objc; path = ShiftAssignmentViewController.m; sourceTree = "<group>"; };
		606042641625CC1D00BA5EEC /* ShiftAssignmentViewDelegate.h */ = {isa = PBXFileReference; fileEncoding = 4; lastKnownFileType = sourcecode.c.h; path = ShiftAssignmentViewDelegate.h; sourceTree = "<group>"; };
		606042A81625D2A000BA5EEC /* MBProgressHUD.h */ = {isa = PBXFileReference; fileEncoding = 4; lastKnownFileType = sourcecode.c.h; name = MBProgressHUD.h; path = MBProgressHUD/MBProgressHUD.h; sourceTree = SOURCE_ROOT; };
		606042A91625D2A000BA5EEC /* MBProgressHUD.m */ = {isa = PBXFileReference; fileEncoding = 4; lastKnownFileType = sourcecode.c.objc; name = MBProgressHUD.m; path = MBProgressHUD/MBProgressHUD.m; sourceTree = SOURCE_ROOT; };
		6072513016B127DF00483239 /* ShiftTemplates 1.1.xcdatamodel */ = {isa = PBXFileReference; lastKnownFileType = wrapper.xcdatamodel; path = "ShiftTemplates 1.1.xcdatamodel"; sourceTree = "<group>"; };
		608023FF19386FC300E2BA83 /* ShiftTemplates 1.2.xcdatamodel */ = {isa = PBXFileReference; lastKnownFileType = wrapper.xcdatamodel; path = "ShiftTemplates 1.2.xcdatamodel"; sourceTree = "<group>"; };
		609167BD1658F45A006C33EE /* UITableViewController+CalloutCell.h */ = {isa = PBXFileReference; fileEncoding = 4; lastKnownFileType = sourcecode.c.h; path = "UITableViewController+CalloutCell.h"; sourceTree = "<group>"; };
		609167BE1658F45A006C33EE /* UITableViewController+CalloutCell.m */ = {isa = PBXFileReference; fileEncoding = 4; lastKnownFileType = sourcecode.c.objc; path = "UITableViewController+CalloutCell.m"; sourceTree = "<group>"; };
		609EF75E163188DA003E4BB3 /* ShiftOverviewCell.h */ = {isa = PBXFileReference; fileEncoding = 4; lastKnownFileType = sourcecode.c.h; path = ShiftOverviewCell.h; sourceTree = "<group>"; };
		609EF75F163188DA003E4BB3 /* ShiftOverviewCell.m */ = {isa = PBXFileReference; fileEncoding = 4; lastKnownFileType = sourcecode.c.objc; path = ShiftOverviewCell.m; sourceTree = "<group>"; };
		60A1392C17FCA97600D3FBF5 /* Images.xcassets */ = {isa = PBXFileReference; lastKnownFileType = folder.assetcatalog; path = Images.xcassets; sourceTree = "<group>"; };
		60A66EA016D60FFA0083BE95 /* LayoutHelper.h */ = {isa = PBXFileReference; fileEncoding = 4; lastKnownFileType = sourcecode.c.h; path = LayoutHelper.h; sourceTree = "<group>"; };
		60A66EA116D60FFA0083BE95 /* LayoutHelper.m */ = {isa = PBXFileReference; fileEncoding = 4; lastKnownFileType = sourcecode.c.objc; path = LayoutHelper.m; sourceTree = "<group>"; };
		60A66EA316D6165D0083BE95 /* EventStoreConstants.h */ = {isa = PBXFileReference; fileEncoding = 4; lastKnownFileType = sourcecode.c.h; path = EventStoreConstants.h; sourceTree = "<group>"; };
		60AAB81115C13297002114B9 /* ShiftOverviewController.h */ = {isa = PBXFileReference; fileEncoding = 4; lastKnownFileType = sourcecode.c.h; path = ShiftOverviewController.h; sourceTree = "<group>"; };
		60AAB81215C13297002114B9 /* ShiftOverviewController.m */ = {isa = PBXFileReference; fileEncoding = 4; lastKnownFileType = sourcecode.c.objc; path = ShiftOverviewController.m; sourceTree = "<group>"; };
		60BB969D15C08EB900801105 /* Cal Paste.app */ = {isa = PBXFileReference; explicitFileType = wrapper.application; includeInIndex = 0; path = "Cal Paste.app"; sourceTree = BUILT_PRODUCTS_DIR; };
		60BB96A115C08EB900801105 /* UIKit.framework */ = {isa = PBXFileReference; lastKnownFileType = wrapper.framework; name = UIKit.framework; path = System/Library/Frameworks/UIKit.framework; sourceTree = SDKROOT; };
		60BB96A315C08EB900801105 /* Foundation.framework */ = {isa = PBXFileReference; lastKnownFileType = wrapper.framework; name = Foundation.framework; path = System/Library/Frameworks/Foundation.framework; sourceTree = SDKROOT; };
		60BB96A515C08EB900801105 /* CoreGraphics.framework */ = {isa = PBXFileReference; lastKnownFileType = wrapper.framework; name = CoreGraphics.framework; path = System/Library/Frameworks/CoreGraphics.framework; sourceTree = SDKROOT; };
		60BB96A915C08EB900801105 /* ShiftCal-Info.plist */ = {isa = PBXFileReference; lastKnownFileType = text.plist.xml; path = "ShiftCal-Info.plist"; sourceTree = "<group>"; };
		60BB96AB15C08EB900801105 /* en */ = {isa = PBXFileReference; lastKnownFileType = text.plist.strings; name = en; path = en.lproj/InfoPlist.strings; sourceTree = "<group>"; };
		60BB96AD15C08EB900801105 /* main.m */ = {isa = PBXFileReference; lastKnownFileType = sourcecode.c.objc; path = main.m; sourceTree = "<group>"; };
		60BB96AF15C08EB900801105 /* ShiftCal-Prefix.pch */ = {isa = PBXFileReference; lastKnownFileType = sourcecode.c.h; path = "ShiftCal-Prefix.pch"; sourceTree = "<group>"; };
		60BB96B015C08EB900801105 /* AppDelegate.h */ = {isa = PBXFileReference; lastKnownFileType = sourcecode.c.h; path = AppDelegate.h; sourceTree = "<group>"; };
		60BB96B115C08EB900801105 /* AppDelegate.m */ = {isa = PBXFileReference; lastKnownFileType = sourcecode.c.objc; path = AppDelegate.m; sourceTree = "<group>"; };
		60DC7E201614B277009C8723 /* ShiftModificationDelegate.h */ = {isa = PBXFileReference; fileEncoding = 4; lastKnownFileType = sourcecode.c.h; path = ShiftModificationDelegate.h; sourceTree = "<group>"; };
		60DC7E221614C45D009C8723 /* NSMutableArray+MoveArray.h */ = {isa = PBXFileReference; fileEncoding = 4; lastKnownFileType = sourcecode.c.h; path = "NSMutableArray+MoveArray.h"; sourceTree = "<group>"; };
		60DC7E231614C45D009C8723 /* NSMutableArray+MoveArray.m */ = {isa = PBXFileReference; fileEncoding = 4; lastKnownFileType = sourcecode.c.objc; path = "NSMutableArray+MoveArray.m"; sourceTree = "<group>"; };
		60DC7E2A16170204009C8723 /* ShiftTemplates.xcdatamodel */ = {isa = PBXFileReference; lastKnownFileType = wrapper.xcdatamodel; path = ShiftTemplates.xcdatamodel; sourceTree = "<group>"; };
		60F1603215DD1447005834B3 /* ShiftModificationViewController.h */ = {isa = PBXFileReference; fileEncoding = 4; lastKnownFileType = sourcecode.c.h; path = ShiftModificationViewController.h; sourceTree = "<group>"; };
		60F1603315DD1447005834B3 /* ShiftModificationViewController.m */ = {isa = PBXFileReference; fileEncoding = 4; lastKnownFileType = sourcecode.c.objc; path = ShiftModificationViewController.m; sourceTree = "<group>"; };
		60FBA82115F10443008B48A1 /* DurationPickerController.h */ = {isa = PBXFileReference; fileEncoding = 4; lastKnownFileType = sourcecode.c.h; path = DurationPickerController.h; sourceTree = "<group>"; };
		60FBA82215F10443008B48A1 /* DurationPickerController.m */ = {isa = PBXFileReference; fileEncoding = 4; lastKnownFileType = sourcecode.c.objc; path = DurationPickerController.m; sourceTree = "<group>"; };
		60FBA82515F10BCC008B48A1 /* Macros.h */ = {isa = PBXFileReference; fileEncoding = 4; lastKnownFileType = sourcecode.c.h; path = Macros.h; sourceTree = "<group>"; };
		60FBA82A15F3DD76008B48A1 /* DurationPickerDelegate.h */ = {isa = PBXFileReference; fileEncoding = 4; lastKnownFileType = sourcecode.c.h; path = DurationPickerDelegate.h; sourceTree = "<group>"; };
		60FBA82B15F4FE2B008B48A1 /* ShiftTemplateController.h */ = {isa = PBXFileReference; fileEncoding = 4; lastKnownFileType = sourcecode.c.h; path = ShiftTemplateController.h; sourceTree = "<group>"; };
		60FBA82C15F4FE2B008B48A1 /* ShiftTemplateController.m */ = {isa = PBXFileReference; fileEncoding = 4; lastKnownFileType = sourcecode.c.objc; path = ShiftTemplateController.m; sourceTree = "<group>"; };
		60FBA82E15F66C4C008B48A1 /* CalendarPickerController.h */ = {isa = PBXFileReference; fileEncoding = 4; lastKnownFileType = sourcecode.c.h; path = CalendarPickerController.h; sourceTree = "<group>"; };
		60FBA82F15F66C4C008B48A1 /* CalendarPickerController.m */ = {isa = PBXFileReference; fileEncoding = 4; lastKnownFileType = sourcecode.c.objc; path = CalendarPickerController.m; sourceTree = "<group>"; };
		60FBA83615F67532008B48A1 /* EventKit.framework */ = {isa = PBXFileReference; lastKnownFileType = wrapper.framework; name = EventKit.framework; path = System/Library/Frameworks/EventKit.framework; sourceTree = SDKROOT; };
		60FBA83715F67532008B48A1 /* EventKitUI.framework */ = {isa = PBXFileReference; lastKnownFileType = wrapper.framework; name = EventKitUI.framework; path = System/Library/Frameworks/EventKitUI.framework; sourceTree = SDKROOT; };
		60FBA83A15F7BAFA008B48A1 /* CalendarPickerDelegate.h */ = {isa = PBXFileReference; fileEncoding = 4; lastKnownFileType = sourcecode.c.h; path = CalendarPickerDelegate.h; sourceTree = "<group>"; };
		60FBA83B15FA571F008B48A1 /* QuartzCore.framework */ = {isa = PBXFileReference; lastKnownFileType = wrapper.framework; name = QuartzCore.framework; path = System/Library/Frameworks/QuartzCore.framework; sourceTree = SDKROOT; };
/* End PBXFileReference section */

/* Begin PBXFrameworksBuildPhase section */
		50467D9C1A4028AE001E18A9 /* Frameworks */ = {
			isa = PBXFrameworksBuildPhase;
			buildActionMask = 2147483647;
			files = (
			);
			runOnlyForDeploymentPostprocessing = 0;
		};
		60BB969A15C08EB900801105 /* Frameworks */ = {
			isa = PBXFrameworksBuildPhase;
			buildActionMask = 2147483647;
			files = (
				50329FA71A3EFE11001F5D31 /* libTestingToolkit-iOS.a in Frameworks */,
				605A96BA161B27E10008B1C6 /* CoreData.framework in Frameworks */,
				600BFE7615FB5ADF008B03CA /* CoreGraphics.framework in Frameworks */,
				60FBA83C15FA571F008B48A1 /* QuartzCore.framework in Frameworks */,
				60FBA83815F67532008B48A1 /* EventKit.framework in Frameworks */,
				60BB96A215C08EB900801105 /* UIKit.framework in Frameworks */,
				60BB96A415C08EB900801105 /* Foundation.framework in Frameworks */,
			);
			runOnlyForDeploymentPostprocessing = 0;
		};
/* End PBXFrameworksBuildPhase section */

/* Begin PBXGroup section */
		5016FE031A3B635D002B642E /* Infrastructure */ = {
			isa = PBXGroup;
			children = (
				60BB96B015C08EB900801105 /* AppDelegate.h */,
				60BB96B115C08EB900801105 /* AppDelegate.m */,
				5016FE001A3B5D13002B642E /* CalendarAccessGuard.h */,
				5016FE011A3B5D13002B642E /* CalendarAccessGuard.m */,
				501EA1551A42CF380010F268 /* CalendarAccessResponder.h */,
				50467DC01A404857001E18A9 /* Calendar */,
				50467DB41A4031B5001E18A9 /* Core Data */,
			);
			name = Infrastructure;
			sourceTree = "<group>";
		};
		5016FE041A3B6391002B642E /* UI */ = {
			isa = PBXGroup;
			children = (
				60FBA83115F66C59008B48A1 /* Modify Shift */,
				6060425E16245A8E00BA5EEC /* Assign Shift */,
				60AAB81115C13297002114B9 /* ShiftOverviewController.h */,
				60AAB81215C13297002114B9 /* ShiftOverviewController.m */,
				5016FE051A3B6BED002B642E /* ModificationCommand.h */,
				5016FE061A3B6BED002B642E /* ModificationCommand.m */,
				60A66EA016D60FFA0083BE95 /* LayoutHelper.h */,
				60A66EA116D60FFA0083BE95 /* LayoutHelper.m */,
				609EF75E163188DA003E4BB3 /* ShiftOverviewCell.h */,
				609EF75F163188DA003E4BB3 /* ShiftOverviewCell.m */,
				609167BD1658F45A006C33EE /* UITableViewController+CalloutCell.h */,
				609167BE1658F45A006C33EE /* UITableViewController+CalloutCell.m */,
			);
			name = UI;
			sourceTree = "<group>";
		};
		5016FE081A3B70D7002B642E /* Duration */ = {
			isa = PBXGroup;
			children = (
				60FBA82115F10443008B48A1 /* DurationPickerController.h */,
				60FBA82215F10443008B48A1 /* DurationPickerController.m */,
				60FBA82A15F3DD76008B48A1 /* DurationPickerDelegate.h */,
			);
			name = Duration;
			sourceTree = "<group>";
		};
		5016FE091A3B70DD002B642E /* Calendar */ = {
			isa = PBXGroup;
			children = (
				60FBA82E15F66C4C008B48A1 /* CalendarPickerController.h */,
				60FBA82F15F66C4C008B48A1 /* CalendarPickerController.m */,
				501EA1821A42E0FF0010F268 /* SCCalendarCell.h */,
				501EA1831A42E0FF0010F268 /* SCCalendarCell.m */,
				60FBA83A15F7BAFA008B48A1 /* CalendarPickerDelegate.h */,
			);
			name = Calendar;
			sourceTree = "<group>";
		};
		5016FE0A1A3B70E2002B642E /* Alarm */ = {
			isa = PBXGroup;
			children = (
				600E1199160369BF009A7E24 /* AlarmPickerViewController.h */,
				600E119E160373F3009A7E24 /* AlarmPickerViewController.m */,
				600E11A216038973009A7E24 /* AlarmPickerDelegate.h */,
			);
			name = Alarm;
			sourceTree = "<group>";
		};
		501EA14E1A42CEEA0010F268 /* Application */ = {
			isa = PBXGroup;
			children = (
				501EA14F1A42CF0B0010F268 /* LockApp.h */,
				501EA1501A42CF0B0010F268 /* LockApp.m */,
				501EA1521A42CF160010F268 /* UnlockApp.h */,
				501EA1531A42CF160010F268 /* UnlockApp.m */,
			);
			name = Application;
			sourceTree = "<group>";
		};
		501EA1771A42DEBD0010F268 /* TestingToolkit */ = {
			isa = PBXGroup;
			children = (
				501EA17A1A42DEBD0010F268 /* CTKNotificationCenter.h */,
				501EA17B1A42DEBD0010F268 /* CTKNotificationCenter.m */,
				501EA17C1A42DEBD0010F268 /* CTKUserDefaults.h */,
				501EA17D1A42DEBD0010F268 /* CTKUserDefaults.m */,
			);
			name = TestingToolkit;
			path = TestingToolkit/TestingToolkit;
			sourceTree = "<group>";
		};
		50329F451A3EDD9B001F5D31 /* MBProgressHUD */ = {
			isa = PBXGroup;
			children = (
				606042A81625D2A000BA5EEC /* MBProgressHUD.h */,
				606042A91625D2A000BA5EEC /* MBProgressHUD.m */,
			);
			name = MBProgressHUD;
			sourceTree = "<group>";
		};
		50467DA01A4028AE001E18A9 /* Tests */ = {
			isa = PBXGroup;
			children = (
				50467DAC1A40291A001E18A9 /* CoreDataWiringTest.m */,
				50467DAF1A402A29001E18A9 /* ShiftTemplateControllerTests.m */,
				50467DB51A4036CF001E18A9 /* PersistentStackTests.m */,
				50467DB71A4038CD001E18A9 /* UserCalendarProviderTests.m */,
				50467DC11A40488B001E18A9 /* CalendarAccessGuardTests.m */,
				50467DB91A4047A6001E18A9 /* Helpers */,
				50467DA11A4028AE001E18A9 /* Supporting Files */,
			);
			path = Tests;
			sourceTree = "<group>";
		};
		50467DA11A4028AE001E18A9 /* Supporting Files */ = {
			isa = PBXGroup;
			children = (
				50467DA21A4028AE001E18A9 /* Info.plist */,
			);
			name = "Supporting Files";
			sourceTree = "<group>";
		};
		50467DB41A4031B5001E18A9 /* Core Data */ = {
			isa = PBXGroup;
			children = (
				50467DB11A403180001E18A9 /* PersistentStack.h */,
				50467DB21A403180001E18A9 /* PersistentStack.m */,
			);
			name = "Core Data";
			sourceTree = "<group>";
		};
		50467DB91A4047A6001E18A9 /* Helpers */ = {
			isa = PBXGroup;
			children = (
				50467DAA1A40291A001E18A9 /* CoreDataStackTestCase.h */,
				50467DAB1A40291A001E18A9 /* CoreDataStackTestCase.m */,
				50467DBD1A4047D9001E18A9 /* TestNotificationCenter.h */,
				50467DBE1A4047D9001E18A9 /* TestNotificationCenter.m */,
				50467DBA1A4047B5001E18A9 /* TestUserDefaults.h */,
				50467DBB1A4047B5001E18A9 /* TestUserDefaults.m */,
				50467DC31A404902001E18A9 /* TestEventStoreWrapper.h */,
				50467DC41A404902001E18A9 /* TestEventStoreWrapper.m */,
			);
			name = Helpers;
			sourceTree = "<group>";
		};
		50467DC01A404857001E18A9 /* Calendar */ = {
			isa = PBXGroup;
			children = (
				50329F461A3EDE62001F5D31 /* UserCalendarProvider.h */,
				50329F471A3EDE62001F5D31 /* UserCalendarProvider.m */,
				50329FAF1A3F04D5001F5D31 /* EventStoreWrapper.h */,
				50329FB01A3F04D5001F5D31 /* EventStoreWrapper.m */,
			);
			name = Calendar;
			sourceTree = "<group>";
		};
		605A96B616171D980008B1C6 /* Model */ = {
			isa = PBXGroup;
			children = (
				60DC7E2916170203009C8723 /* ShiftTemplates.xcdatamodeld */,
				605A96B316171D160008B1C6 /* ShiftTemplate.h */,
				605A96B416171D160008B1C6 /* ShiftTemplate.m */,
				60FBA82B15F4FE2B008B48A1 /* ShiftTemplateController.h */,
				60FBA82C15F4FE2B008B48A1 /* ShiftTemplateController.m */,
				60DC7E221614C45D009C8723 /* NSMutableArray+MoveArray.h */,
				60DC7E231614C45D009C8723 /* NSMutableArray+MoveArray.m */,
				605A96BB161CAC660008B1C6 /* ShiftTemplateCollection.h */,
				605A96BC161CAC660008B1C6 /* ShiftTemplateCollection.m */,
			);
			name = Model;
			sourceTree = "<group>";
		};
		6060425E16245A8E00BA5EEC /* Assign Shift */ = {
			isa = PBXGroup;
			children = (
				6060426016245AB000BA5EEC /* ShiftAssignmentViewController.h */,
				6060426116245AB000BA5EEC /* ShiftAssignmentViewController.m */,
				606042641625CC1D00BA5EEC /* ShiftAssignmentViewDelegate.h */,
				6026C75D16B1AA4A00445709 /* NSDate+Tomorrow.h */,
				6026C75E16B1AA4A00445709 /* NSDate+Tomorrow.m */,
			);
			name = "Assign Shift";
			sourceTree = "<group>";
		};
		60BB969215C08EB900801105 = {
			isa = PBXGroup;
			children = (
				60A1392C17FCA97600D3FBF5 /* Images.xcassets */,
				60BB96A715C08EB900801105 /* ShiftCal */,
				50467DA01A4028AE001E18A9 /* Tests */,
				60BB96A015C08EB900801105 /* Frameworks */,
				60BB969E15C08EB900801105 /* Products */,
			);
			sourceTree = "<group>";
		};
		60BB969E15C08EB900801105 /* Products */ = {
			isa = PBXGroup;
			children = (
				60BB969D15C08EB900801105 /* Cal Paste.app */,
				50467D9F1A4028AE001E18A9 /* Tests.xctest */,
			);
			name = Products;
			sourceTree = "<group>";
		};
		60BB96A015C08EB900801105 /* Frameworks */ = {
			isa = PBXGroup;
			children = (
				501EA1771A42DEBD0010F268 /* TestingToolkit */,
				50329F451A3EDD9B001F5D31 /* MBProgressHUD */,
				605A96B9161B27E10008B1C6 /* CoreData.framework */,
				60FBA83B15FA571F008B48A1 /* QuartzCore.framework */,
				60FBA83615F67532008B48A1 /* EventKit.framework */,
				60FBA83715F67532008B48A1 /* EventKitUI.framework */,
				60BB96A115C08EB900801105 /* UIKit.framework */,
				60BB96A315C08EB900801105 /* Foundation.framework */,
				60BB96A515C08EB900801105 /* CoreGraphics.framework */,
			);
			name = Frameworks;
			sourceTree = "<group>";
		};
		60BB96A715C08EB900801105 /* ShiftCal */ = {
			isa = PBXGroup;
			children = (
				5016FE031A3B635D002B642E /* Infrastructure */,
				501EA14E1A42CEEA0010F268 /* Application */,
				5016FE041A3B6391002B642E /* UI */,
				605A96B616171D980008B1C6 /* Model */,
				60BB96A815C08EB900801105 /* Supporting Files */,
			);
			path = ShiftCal;
			sourceTree = "<group>";
		};
		60BB96A815C08EB900801105 /* Supporting Files */ = {
			isa = PBXGroup;
			children = (
				60FBA82515F10BCC008B48A1 /* Macros.h */,
				605F095B1A3DB16B00FCC2FB /* Helpers.h */,
				60A66EA316D6165D0083BE95 /* EventStoreConstants.h */,
				60BB96A915C08EB900801105 /* ShiftCal-Info.plist */,
				60BB96AA15C08EB900801105 /* InfoPlist.strings */,
				60BB96AD15C08EB900801105 /* main.m */,
				60BB96AF15C08EB900801105 /* ShiftCal-Prefix.pch */,
			);
			name = "Supporting Files";
			sourceTree = "<group>";
		};
		60FBA83115F66C59008B48A1 /* Modify Shift */ = {
			isa = PBXGroup;
			children = (
				60F1603215DD1447005834B3 /* ShiftModificationViewController.h */,
				60F1603315DD1447005834B3 /* ShiftModificationViewController.m */,
				60DC7E201614B277009C8723 /* ShiftModificationDelegate.h */,
				602B6AFD18C3A005005D2227 /* ShiftData.h */,
				602B6AFE18C3A005005D2227 /* ShiftData.m */,
				605AC42416086B5800E02F16 /* DateIntervalTranslator.h */,
				605AC42516086B5800E02F16 /* DateIntervalTranslator.m */,
				5016FE081A3B70D7002B642E /* Duration */,
				5016FE091A3B70DD002B642E /* Calendar */,
				5016FE0A1A3B70E2002B642E /* Alarm */,
			);
			name = "Modify Shift";
			sourceTree = "<group>";
		};
/* End PBXGroup section */

/* Begin PBXNativeTarget section */
		50467D9E1A4028AE001E18A9 /* Tests */ = {
			isa = PBXNativeTarget;
			buildConfigurationList = 50467DA71A4028AE001E18A9 /* Build configuration list for PBXNativeTarget "Tests" */;
			buildPhases = (
				50467D9B1A4028AE001E18A9 /* Sources */,
				50467D9C1A4028AE001E18A9 /* Frameworks */,
				50467D9D1A4028AE001E18A9 /* Resources */,
			);
			buildRules = (
			);
			dependencies = (
				50467DA61A4028AE001E18A9 /* PBXTargetDependency */,
			);
			name = Tests;
			productName = Tests;
			productReference = 50467D9F1A4028AE001E18A9 /* Tests.xctest */;
			productType = "com.apple.product-type.bundle.unit-test";
		};
		60BB969C15C08EB900801105 /* ShiftCal */ = {
			isa = PBXNativeTarget;
			buildConfigurationList = 60BB96CA15C08EB900801105 /* Build configuration list for PBXNativeTarget "ShiftCal" */;
			buildPhases = (
				60BB969915C08EB900801105 /* Sources */,
				60BB969A15C08EB900801105 /* Frameworks */,
				609D4D9516D7A9A000E9DB1C /* Increase Build number */,
				60BB969B15C08EB900801105 /* Resources */,
			);
			buildRules = (
			);
			dependencies = (
			);
			name = ShiftCal;
			productName = ShiftCal;
			productReference = 60BB969D15C08EB900801105 /* Cal Paste.app */;
			productType = "com.apple.product-type.application";
		};
/* End PBXNativeTarget section */

/* Begin PBXProject section */
		60BB969415C08EB900801105 /* Project object */ = {
			isa = PBXProject;
			attributes = {
				LastTestingUpgradeCheck = 0510;
				LastUpgradeCheck = 0610;
				ORGANIZATIONNAME = "Christian Tietze";
				TargetAttributes = {
					50467D9E1A4028AE001E18A9 = {
						CreatedOnToolsVersion = 6.1.1;
						TestTargetID = 60BB969C15C08EB900801105;
					};
					60BB969C15C08EB900801105 = {
						DevelopmentTeam = FRMDA3XRGC;
					};
				};
			};
			buildConfigurationList = 60BB969715C08EB900801105 /* Build configuration list for PBXProject "ShiftCal" */;
			compatibilityVersion = "Xcode 3.2";
			developmentRegion = English;
			hasScannedForEncodings = 0;
			knownRegions = (
				en,
			);
			mainGroup = 60BB969215C08EB900801105;
			productRefGroup = 60BB969E15C08EB900801105 /* Products */;
			projectDirPath = "";
			projectRoot = "";
			targets = (
				60BB969C15C08EB900801105 /* ShiftCal */,
				50467D9E1A4028AE001E18A9 /* Tests */,
			);
		};
/* End PBXProject section */

/* Begin PBXResourcesBuildPhase section */
		50467D9D1A4028AE001E18A9 /* Resources */ = {
			isa = PBXResourcesBuildPhase;
			buildActionMask = 2147483647;
			files = (
			);
			runOnlyForDeploymentPostprocessing = 0;
		};
		60BB969B15C08EB900801105 /* Resources */ = {
			isa = PBXResourcesBuildPhase;
			buildActionMask = 2147483647;
			files = (
				60BB96AC15C08EB900801105 /* InfoPlist.strings in Resources */,
				60A1392D17FCA97600D3FBF5 /* Images.xcassets in Resources */,
			);
			runOnlyForDeploymentPostprocessing = 0;
		};
/* End PBXResourcesBuildPhase section */

/* Begin PBXShellScriptBuildPhase section */
		609D4D9516D7A9A000E9DB1C /* Increase Build number */ = {
			isa = PBXShellScriptBuildPhase;
			buildActionMask = 2147483647;
			files = (
			);
			inputPaths = (
			);
			name = "Increase Build number";
			outputPaths = (
			);
			runOnlyForDeploymentPostprocessing = 0;
			shellPath = /bin/sh;
			shellScript = "#!/bin/bash\nbuildNumber=$(/usr/libexec/PlistBuddy -c \"Print CFBundleVersion\" \"$INFOPLIST_FILE\")\nbuildNumber=$(($buildNumber + 1))\n/usr/libexec/PlistBuddy -c \"Set :CFBundleVersion $buildNumber\" \"$INFOPLIST_FILE\"";
		};
/* End PBXShellScriptBuildPhase section */

/* Begin PBXSourcesBuildPhase section */
		50467D9B1A4028AE001E18A9 /* Sources */ = {
			isa = PBXSourcesBuildPhase;
			buildActionMask = 2147483647;
			files = (
				50467DBF1A4047D9001E18A9 /* TestNotificationCenter.m in Sources */,
				50467DAE1A40291A001E18A9 /* CoreDataWiringTest.m in Sources */,
				50467DB01A402A29001E18A9 /* ShiftTemplateControllerTests.m in Sources */,
				50467DAD1A40291A001E18A9 /* CoreDataStackTestCase.m in Sources */,
				50467DB61A4036CF001E18A9 /* PersistentStackTests.m in Sources */,
				50467DBC1A4047B5001E18A9 /* TestUserDefaults.m in Sources */,
				50467DB81A4038CD001E18A9 /* UserCalendarProviderTests.m in Sources */,
				50467DC21A40488B001E18A9 /* CalendarAccessGuardTests.m in Sources */,
				50467DC51A404902001E18A9 /* TestEventStoreWrapper.m in Sources */,
			);
			runOnlyForDeploymentPostprocessing = 0;
		};
		60BB969915C08EB900801105 /* Sources */ = {
			isa = PBXSourcesBuildPhase;
			buildActionMask = 2147483647;
			files = (
				501EA1511A42CF0B0010F268 /* LockApp.m in Sources */,
				60BB96AE15C08EB900801105 /* main.m in Sources */,
				5016FE071A3B6BED002B642E /* ModificationCommand.m in Sources */,
				50329F481A3EDE62001F5D31 /* UserCalendarProvider.m in Sources */,
				50467DB31A403180001E18A9 /* PersistentStack.m in Sources */,
				60BB96B215C08EB900801105 /* AppDelegate.m in Sources */,
				501EA1801A42DEBD0010F268 /* CTKNotificationCenter.m in Sources */,
				501EA1541A42CF160010F268 /* UnlockApp.m in Sources */,
				60AAB81315C13297002114B9 /* ShiftOverviewController.m in Sources */,
				501EA1841A42E0FF0010F268 /* SCCalendarCell.m in Sources */,
				60FBA82315F10443008B48A1 /* DurationPickerController.m in Sources */,
				60FBA83015F66C4C008B48A1 /* CalendarPickerController.m in Sources */,
				600E119F160373F3009A7E24 /* AlarmPickerViewController.m in Sources */,
				501EA1811A42DEBD0010F268 /* CTKUserDefaults.m in Sources */,
				605AC42616086B5800E02F16 /* DateIntervalTranslator.m in Sources */,
				60DC7E241614C45D009C8723 /* NSMutableArray+MoveArray.m in Sources */,
				60DC7E2B16170204009C8723 /* ShiftTemplates.xcdatamodeld in Sources */,
				605A96B516171D160008B1C6 /* ShiftTemplate.m in Sources */,
				605A96B7161B1EC30008B1C6 /* ShiftTemplateController.m in Sources */,
				605A96B8161B1FE10008B1C6 /* ShiftModificationViewController.m in Sources */,
				605A96BD161CAC660008B1C6 /* ShiftTemplateCollection.m in Sources */,
				6060426216245AB000BA5EEC /* ShiftAssignmentViewController.m in Sources */,
				606042AA1625D2A000BA5EEC /* MBProgressHUD.m in Sources */,
				609EF760163188DA003E4BB3 /* ShiftOverviewCell.m in Sources */,
				5016FE021A3B5D13002B642E /* CalendarAccessGuard.m in Sources */,
				609167BF1658F45A006C33EE /* UITableViewController+CalloutCell.m in Sources */,
				6026C75F16B1AA4A00445709 /* NSDate+Tomorrow.m in Sources */,
				602B6AFF18C3A005005D2227 /* ShiftData.m in Sources */,
				50329FB11A3F04D5001F5D31 /* EventStoreWrapper.m in Sources */,
				60A66EA216D60FFA0083BE95 /* LayoutHelper.m in Sources */,
			);
			runOnlyForDeploymentPostprocessing = 0;
		};
/* End PBXSourcesBuildPhase section */

/* Begin PBXTargetDependency section */
		50467DA61A4028AE001E18A9 /* PBXTargetDependency */ = {
			isa = PBXTargetDependency;
			target = 60BB969C15C08EB900801105 /* ShiftCal */;
			targetProxy = 50467DA51A4028AE001E18A9 /* PBXContainerItemProxy */;
		};
/* End PBXTargetDependency section */

/* Begin PBXVariantGroup section */
		60BB96AA15C08EB900801105 /* InfoPlist.strings */ = {
			isa = PBXVariantGroup;
			children = (
				60BB96AB15C08EB900801105 /* en */,
			);
			name = InfoPlist.strings;
			sourceTree = "<group>";
		};
/* End PBXVariantGroup section */

/* Begin XCBuildConfiguration section */
		50467DA81A4028AE001E18A9 /* Debug */ = {
			isa = XCBuildConfiguration;
			buildSettings = {
				BUNDLE_LOADER = "$(TEST_HOST)";
				CLANG_CXX_LIBRARY = "libc++";
				CLANG_ENABLE_MODULES = YES;
				CLANG_ENABLE_OBJC_ARC = YES;
				CLANG_WARN_DIRECT_OBJC_ISA_USAGE = YES_ERROR;
				CLANG_WARN_OBJC_ROOT_CLASS = YES_ERROR;
				FRAMEWORK_SEARCH_PATHS = (
					"$(SDKROOT)/Developer/Library/Frameworks",
					"$(inherited)",
				);
				GCC_PREPROCESSOR_DEFINITIONS = (
					"DEBUG=1",
					"$(inherited)",
				);
				GCC_WARN_ABOUT_RETURN_TYPE = YES_ERROR;
				GCC_WARN_UNINITIALIZED_AUTOS = YES_AGGRESSIVE;
				INFOPLIST_FILE = Tests/Info.plist;
				IPHONEOS_DEPLOYMENT_TARGET = 8.1;
				LD_RUNPATH_SEARCH_PATHS = "$(inherited) @executable_path/Frameworks @loader_path/Frameworks";
				MTL_ENABLE_DEBUG_INFO = YES;
				PRODUCT_NAME = "$(TARGET_NAME)";
				TEST_HOST = "$(BUILT_PRODUCTS_DIR)/Cal Paste.app/Cal Paste";
			};
			name = Debug;
		};
		50467DA91A4028AE001E18A9 /* Release */ = {
			isa = XCBuildConfiguration;
			buildSettings = {
				BUNDLE_LOADER = "$(TEST_HOST)";
				CLANG_CXX_LIBRARY = "libc++";
				CLANG_ENABLE_MODULES = YES;
				CLANG_ENABLE_OBJC_ARC = YES;
				CLANG_WARN_DIRECT_OBJC_ISA_USAGE = YES_ERROR;
				CLANG_WARN_OBJC_ROOT_CLASS = YES_ERROR;
				ENABLE_NS_ASSERTIONS = NO;
				FRAMEWORK_SEARCH_PATHS = (
					"$(SDKROOT)/Developer/Library/Frameworks",
					"$(inherited)",
				);
				GCC_WARN_ABOUT_RETURN_TYPE = YES_ERROR;
				GCC_WARN_UNINITIALIZED_AUTOS = YES_AGGRESSIVE;
				INFOPLIST_FILE = Tests/Info.plist;
				IPHONEOS_DEPLOYMENT_TARGET = 8.1;
				LD_RUNPATH_SEARCH_PATHS = "$(inherited) @executable_path/Frameworks @loader_path/Frameworks";
				MTL_ENABLE_DEBUG_INFO = NO;
				PRODUCT_NAME = "$(TARGET_NAME)";
				TEST_HOST = "$(BUILT_PRODUCTS_DIR)/Cal Paste.app/Cal Paste";
			};
			name = Release;
		};
		60BB96C815C08EB900801105 /* Debug */ = {
			isa = XCBuildConfiguration;
			buildSettings = {
				ALWAYS_SEARCH_USER_PATHS = NO;
				CLANG_CXX_LANGUAGE_STANDARD = "gnu++0x";
				CLANG_ENABLE_OBJC_ARC = NO;
				CLANG_WARN_BOOL_CONVERSION = YES;
				CLANG_WARN_CONSTANT_CONVERSION = YES;
				CLANG_WARN_EMPTY_BODY = YES;
				CLANG_WARN_ENUM_CONVERSION = YES;
				CLANG_WARN_INT_CONVERSION = YES;
				CLANG_WARN_UNREACHABLE_CODE = YES;
				CLANG_WARN__DUPLICATE_METHOD_MATCH = YES;
				"CODE_SIGN_IDENTITY[sdk=iphoneos*]" = "iPhone Developer";
				COPY_PHASE_STRIP = NO;
				ENABLE_STRICT_OBJC_MSGSEND = YES;
				FRAMEWORK_SEARCH_PATHS = (
					"$(inherited)",
					/Users/ctm/Coding/calendarpaste,
					"$(PROJECT_DIR)",
					"$(USER_LIBRARY_DIR)/Developer/Xcode/DerivedData/CalendarPaste-fvkrxbvbjcxddvhhdfeypwazxbex/Build/Products/**",
				);
				GCC_C_LANGUAGE_STANDARD = gnu99;
				GCC_DYNAMIC_NO_PIC = NO;
				GCC_OPTIMIZATION_LEVEL = 0;
				GCC_PREPROCESSOR_DEFINITIONS = (
					"DEBUG=1",
					"$(inherited)",
				);
				GCC_SYMBOLS_PRIVATE_EXTERN = NO;
				GCC_VERSION = com.apple.compilers.llvm.clang.1_0;
				GCC_WARN_64_TO_32_BIT_CONVERSION = YES;
				GCC_WARN_ABOUT_RETURN_TYPE = YES;
				GCC_WARN_UNDECLARED_SELECTOR = YES;
				GCC_WARN_UNINITIALIZED_AUTOS = YES;
				GCC_WARN_UNUSED_FUNCTION = YES;
				GCC_WARN_UNUSED_VARIABLE = YES;
				IPHONEOS_DEPLOYMENT_TARGET = 4.3;
				ONLY_ACTIVE_ARCH = YES;
				SDKROOT = iphoneos;
				USER_HEADER_SEARCH_PATHS = "";
			};
			name = Debug;
		};
		60BB96C915C08EB900801105 /* Release */ = {
			isa = XCBuildConfiguration;
			buildSettings = {
				ALWAYS_SEARCH_USER_PATHS = NO;
				CLANG_CXX_LANGUAGE_STANDARD = "gnu++0x";
				CLANG_ENABLE_OBJC_ARC = NO;
				CLANG_WARN_BOOL_CONVERSION = YES;
				CLANG_WARN_CONSTANT_CONVERSION = YES;
				CLANG_WARN_EMPTY_BODY = YES;
				CLANG_WARN_ENUM_CONVERSION = YES;
				CLANG_WARN_INT_CONVERSION = YES;
				CLANG_WARN_UNREACHABLE_CODE = YES;
				CLANG_WARN__DUPLICATE_METHOD_MATCH = YES;
				"CODE_SIGN_IDENTITY[sdk=iphoneos*]" = "iPhone Developer";
				COPY_PHASE_STRIP = YES;
				ENABLE_STRICT_OBJC_MSGSEND = YES;
				FRAMEWORK_SEARCH_PATHS = (
					"$(inherited)",
					/Users/ctm/Coding/calendarpaste,
					"$(PROJECT_DIR)",
					"$(USER_LIBRARY_DIR)/Developer/Xcode/DerivedData/CalendarPaste-fvkrxbvbjcxddvhhdfeypwazxbex/Build/Products/**",
				);
				GCC_C_LANGUAGE_STANDARD = gnu99;
				GCC_VERSION = com.apple.compilers.llvm.clang.1_0;
				GCC_WARN_64_TO_32_BIT_CONVERSION = YES;
				GCC_WARN_ABOUT_RETURN_TYPE = YES;
				GCC_WARN_UNDECLARED_SELECTOR = YES;
				GCC_WARN_UNINITIALIZED_AUTOS = YES;
				GCC_WARN_UNUSED_FUNCTION = YES;
				GCC_WARN_UNUSED_VARIABLE = YES;
				IPHONEOS_DEPLOYMENT_TARGET = 4.3;
				OTHER_CFLAGS = "-DNS_BLOCK_ASSERTIONS=1";
				SDKROOT = iphoneos;
				USER_HEADER_SEARCH_PATHS = "";
				VALIDATE_PRODUCT = YES;
			};
			name = Release;
		};
		60BB96CB15C08EB900801105 /* Debug */ = {
			isa = XCBuildConfiguration;
			buildSettings = {
				ASSETCATALOG_COMPILER_APPICON_NAME = AppIcon;
				ASSETCATALOG_COMPILER_LAUNCHIMAGE_NAME = LaunchImage;
				CLANG_ENABLE_MODULES = YES;
				CLANG_ENABLE_OBJC_ARC = YES;
				CODE_SIGN_IDENTITY = "iPhone Developer";
				"CODE_SIGN_IDENTITY[sdk=iphoneos*]" = "iPhone Developer";
				GCC_PRECOMPILE_PREFIX_HEADER = YES;
				GCC_PREFIX_HEADER = "ShiftCal/ShiftCal-Prefix.pch";
				INFOPLIST_FILE = "ShiftCal/ShiftCal-Info.plist";
				IPHONEOS_DEPLOYMENT_TARGET = 7.0;
				LD_RUNPATH_SEARCH_PATHS = "$(inherited) @executable_path/Frameworks";
				LIBRARY_SEARCH_PATHS = (
					"$(inherited)",
					"$(PROJECT_DIR)",
					"$(USER_LIBRARY_DIR)/Developer/Xcode/DerivedData/CalendarPaste-fvkrxbvbjcxddvhhdfeypwazxbex/Build/Products/Debug-iphoneos",
				);
				PRODUCT_NAME = "Cal Paste";
				PROVISIONING_PROFILE = "";
				SWIFT_OPTIMIZATION_LEVEL = "-Onone";
				WRAPPER_EXTENSION = app;
			};
			name = Debug;
		};
		60BB96CC15C08EB900801105 /* Release */ = {
			isa = XCBuildConfiguration;
			buildSettings = {
				ASSETCATALOG_COMPILER_APPICON_NAME = AppIcon;
				ASSETCATALOG_COMPILER_LAUNCHIMAGE_NAME = LaunchImage;
				CLANG_ENABLE_MODULES = YES;
				CLANG_ENABLE_OBJC_ARC = YES;
				CODE_SIGN_IDENTITY = "iPhone Developer";
				"CODE_SIGN_IDENTITY[sdk=iphoneos*]" = "iPhone Developer";
				GCC_PRECOMPILE_PREFIX_HEADER = YES;
				GCC_PREFIX_HEADER = "ShiftCal/ShiftCal-Prefix.pch";
				INFOPLIST_FILE = "ShiftCal/ShiftCal-Info.plist";
				IPHONEOS_DEPLOYMENT_TARGET = 7.0;
				LD_RUNPATH_SEARCH_PATHS = "$(inherited) @executable_path/Frameworks";
				LIBRARY_SEARCH_PATHS = (
					"$(inherited)",
					"$(PROJECT_DIR)",
					"$(USER_LIBRARY_DIR)/Developer/Xcode/DerivedData/CalendarPaste-fvkrxbvbjcxddvhhdfeypwazxbex/Build/Products/Debug-iphoneos",
				);
				PRODUCT_NAME = "Cal Paste";
				PROVISIONING_PROFILE = "";
				WRAPPER_EXTENSION = app;
			};
			name = Release;
		};
/* End XCBuildConfiguration section */

/* Begin XCConfigurationList section */
		50467DA71A4028AE001E18A9 /* Build configuration list for PBXNativeTarget "Tests" */ = {
			isa = XCConfigurationList;
			buildConfigurations = (
				50467DA81A4028AE001E18A9 /* Debug */,
				50467DA91A4028AE001E18A9 /* Release */,
			);
			defaultConfigurationIsVisible = 0;
			defaultConfigurationName = Release;
		};
		60BB969715C08EB900801105 /* Build configuration list for PBXProject "ShiftCal" */ = {
			isa = XCConfigurationList;
			buildConfigurations = (
				60BB96C815C08EB900801105 /* Debug */,
				60BB96C915C08EB900801105 /* Release */,
			);
			defaultConfigurationIsVisible = 0;
			defaultConfigurationName = Release;
		};
		60BB96CA15C08EB900801105 /* Build configuration list for PBXNativeTarget "ShiftCal" */ = {
			isa = XCConfigurationList;
			buildConfigurations = (
				60BB96CB15C08EB900801105 /* Debug */,
				60BB96CC15C08EB900801105 /* Release */,
			);
			defaultConfigurationIsVisible = 0;
			defaultConfigurationName = Release;
		};
/* End XCConfigurationList section */

/* Begin XCVersionGroup section */
		60DC7E2916170203009C8723 /* ShiftTemplates.xcdatamodeld */ = {
			isa = XCVersionGroup;
			children = (
				608023FF19386FC300E2BA83 /* ShiftTemplates 1.2.xcdatamodel */,
				6072513016B127DF00483239 /* ShiftTemplates 1.1.xcdatamodel */,
				60DC7E2A16170204009C8723 /* ShiftTemplates.xcdatamodel */,
			);
			currentVersion = 608023FF19386FC300E2BA83 /* ShiftTemplates 1.2.xcdatamodel */;
			path = ShiftTemplates.xcdatamodeld;
			sourceTree = "<group>";
			versionGroupType = wrapper.xcdatamodel;
		};
/* End XCVersionGroup section */
	};
	rootObject = 60BB969415C08EB900801105 /* Project object */;
}
